// !$*UTF8*$!
{
	archiveVersion = 1;
	classes = {
	};
	objectVersion = 56;
	objects = {

/* Begin PBXBuildFile section */
		E073A226294E054900093F0A /* SocialNetworkBlogServiceApp.swift in Sources */ = {isa = PBXBuildFile; fileRef = E073A225294E054900093F0A /* SocialNetworkBlogServiceApp.swift */; };
		E073A228294E054900093F0A /* ContentView.swift in Sources */ = {isa = PBXBuildFile; fileRef = E073A227294E054900093F0A /* ContentView.swift */; };
		E073A22A294E054A00093F0A /* Assets.xcassets in Resources */ = {isa = PBXBuildFile; fileRef = E073A229294E054A00093F0A /* Assets.xcassets */; };
		E073A22D294E054A00093F0A /* Preview Assets.xcassets in Resources */ = {isa = PBXBuildFile; fileRef = E073A22C294E054A00093F0A /* Preview Assets.xcassets */; };
		E073A23C294E064800093F0A /* FeedView.swift in Sources */ = {isa = PBXBuildFile; fileRef = E073A23B294E064800093F0A /* FeedView.swift */; };
		E073A23F294E07B500093F0A /* TweetRowView.swift in Sources */ = {isa = PBXBuildFile; fileRef = E073A23E294E07B500093F0A /* TweetRowView.swift */; };
		E073A244294E361600093F0A /* MainTabView.swift in Sources */ = {isa = PBXBuildFile; fileRef = E073A243294E361600093F0A /* MainTabView.swift */; };
		E073A24A294E375800093F0A /* ExploreView.swift in Sources */ = {isa = PBXBuildFile; fileRef = E073A249294E375800093F0A /* ExploreView.swift */; };
		E073A24C294E377000093F0A /* NotificationsView.swift in Sources */ = {isa = PBXBuildFile; fileRef = E073A24B294E377000093F0A /* NotificationsView.swift */; };
		E073A24E294E378D00093F0A /* MessagesView.swift in Sources */ = {isa = PBXBuildFile; fileRef = E073A24D294E378D00093F0A /* MessagesView.swift */; };
		E073A252294E38A800093F0A /* ProfileView.swift in Sources */ = {isa = PBXBuildFile; fileRef = E073A251294E38A800093F0A /* ProfileView.swift */; };
		E073A254294E3E9800093F0A /* TweetFilterVM.swift in Sources */ = {isa = PBXBuildFile; fileRef = E073A253294E3E9800093F0A /* TweetFilterVM.swift */; };
		E073A25A294E440100093F0A /* UserRowView.swift in Sources */ = {isa = PBXBuildFile; fileRef = E073A259294E440100093F0A /* UserRowView.swift */; };
		E073A25F294E468500093F0A /* SideMenuView.swift in Sources */ = {isa = PBXBuildFile; fileRef = E073A25E294E468500093F0A /* SideMenuView.swift */; };
		E073A263294E46B900093F0A /* SideMenuVM.swift in Sources */ = {isa = PBXBuildFile; fileRef = E073A262294E46B900093F0A /* SideMenuVM.swift */; };
		E073A265294E48A300093F0A /* UserStateView.swift in Sources */ = {isa = PBXBuildFile; fileRef = E073A264294E48A300093F0A /* UserStateView.swift */; };
		E073A267294E54A600093F0A /* SideMenuItemRowView.swift in Sources */ = {isa = PBXBuildFile; fileRef = E073A266294E54A600093F0A /* SideMenuItemRowView.swift */; };
		E073A26C294E5A3000093F0A /* NewTweetView.swift in Sources */ = {isa = PBXBuildFile; fileRef = E073A26B294E5A3000093F0A /* NewTweetView.swift */; };
		E073A26E294E5B4800093F0A /* TextArea.swift in Sources */ = {isa = PBXBuildFile; fileRef = E073A26D294E5B4800093F0A /* TextArea.swift */; };
/* End PBXBuildFile section */

/* Begin PBXFileReference section */
		E073A222294E054900093F0A /* SocialNetworkBlogService.app */ = {isa = PBXFileReference; explicitFileType = wrapper.application; includeInIndex = 0; path = SocialNetworkBlogService.app; sourceTree = BUILT_PRODUCTS_DIR; };
		E073A225294E054900093F0A /* SocialNetworkBlogServiceApp.swift */ = {isa = PBXFileReference; lastKnownFileType = sourcecode.swift; path = SocialNetworkBlogServiceApp.swift; sourceTree = "<group>"; };
		E073A227294E054900093F0A /* ContentView.swift */ = {isa = PBXFileReference; lastKnownFileType = sourcecode.swift; path = ContentView.swift; sourceTree = "<group>"; };
		E073A229294E054A00093F0A /* Assets.xcassets */ = {isa = PBXFileReference; lastKnownFileType = folder.assetcatalog; path = Assets.xcassets; sourceTree = "<group>"; };
		E073A22C294E054A00093F0A /* Preview Assets.xcassets */ = {isa = PBXFileReference; lastKnownFileType = folder.assetcatalog; path = "Preview Assets.xcassets"; sourceTree = "<group>"; };
		E073A23B294E064800093F0A /* FeedView.swift */ = {isa = PBXFileReference; lastKnownFileType = sourcecode.swift; path = FeedView.swift; sourceTree = "<group>"; };
		E073A23E294E07B500093F0A /* TweetRowView.swift */ = {isa = PBXFileReference; lastKnownFileType = sourcecode.swift; path = TweetRowView.swift; sourceTree = "<group>"; };
		E073A243294E361600093F0A /* MainTabView.swift */ = {isa = PBXFileReference; lastKnownFileType = sourcecode.swift; path = MainTabView.swift; sourceTree = "<group>"; };
		E073A249294E375800093F0A /* ExploreView.swift */ = {isa = PBXFileReference; lastKnownFileType = sourcecode.swift; path = ExploreView.swift; sourceTree = "<group>"; };
		E073A24B294E377000093F0A /* NotificationsView.swift */ = {isa = PBXFileReference; lastKnownFileType = sourcecode.swift; path = NotificationsView.swift; sourceTree = "<group>"; };
		E073A24D294E378D00093F0A /* MessagesView.swift */ = {isa = PBXFileReference; lastKnownFileType = sourcecode.swift; path = MessagesView.swift; sourceTree = "<group>"; };
		E073A251294E38A800093F0A /* ProfileView.swift */ = {isa = PBXFileReference; lastKnownFileType = sourcecode.swift; path = ProfileView.swift; sourceTree = "<group>"; };
		E073A253294E3E9800093F0A /* TweetFilterVM.swift */ = {isa = PBXFileReference; lastKnownFileType = sourcecode.swift; path = TweetFilterVM.swift; sourceTree = "<group>"; };
		E073A259294E440100093F0A /* UserRowView.swift */ = {isa = PBXFileReference; lastKnownFileType = sourcecode.swift; path = UserRowView.swift; sourceTree = "<group>"; };
		E073A25E294E468500093F0A /* SideMenuView.swift */ = {isa = PBXFileReference; lastKnownFileType = sourcecode.swift; path = SideMenuView.swift; sourceTree = "<group>"; };
		E073A262294E46B900093F0A /* SideMenuVM.swift */ = {isa = PBXFileReference; lastKnownFileType = sourcecode.swift; path = SideMenuVM.swift; sourceTree = "<group>"; };
		E073A264294E48A300093F0A /* UserStateView.swift */ = {isa = PBXFileReference; lastKnownFileType = sourcecode.swift; path = UserStateView.swift; sourceTree = "<group>"; };
		E073A266294E54A600093F0A /* SideMenuItemRowView.swift */ = {isa = PBXFileReference; lastKnownFileType = sourcecode.swift; path = SideMenuItemRowView.swift; sourceTree = "<group>"; };
		E073A26B294E5A3000093F0A /* NewTweetView.swift */ = {isa = PBXFileReference; lastKnownFileType = sourcecode.swift; path = NewTweetView.swift; sourceTree = "<group>"; };
		E073A26D294E5B4800093F0A /* TextArea.swift */ = {isa = PBXFileReference; lastKnownFileType = sourcecode.swift; path = TextArea.swift; sourceTree = "<group>"; };
/* End PBXFileReference section */

/* Begin PBXFrameworksBuildPhase section */
		E073A21F294E054900093F0A /* Frameworks */ = {
			isa = PBXFrameworksBuildPhase;
			buildActionMask = 2147483647;
			files = (
			);
			runOnlyForDeploymentPostprocessing = 0;
		};
/* End PBXFrameworksBuildPhase section */

/* Begin PBXGroup section */
		E073A219294E054900093F0A = {
			isa = PBXGroup;
			children = (
				E073A224294E054900093F0A /* SocialNetworkBlogService */,
				E073A223294E054900093F0A /* Products */,
			);
			sourceTree = "<group>";
		};
		E073A223294E054900093F0A /* Products */ = {
			isa = PBXGroup;
			children = (
				E073A222294E054900093F0A /* SocialNetworkBlogService.app */,
			);
			name = Products;
			sourceTree = "<group>";
		};
		E073A224294E054900093F0A /* SocialNetworkBlogService */ = {
			isa = PBXGroup;
			children = (
				E073A236294E05A000093F0A /* Extentions */,
				E073A235294E059900093F0A /* Models */,
				E073A234294E059500093F0A /* Service */,
				E073A233294E059100093F0A /* Core */,
				E073A225294E054900093F0A /* SocialNetworkBlogServiceApp.swift */,
				E073A227294E054900093F0A /* ContentView.swift */,
				E073A229294E054A00093F0A /* Assets.xcassets */,
				E073A22B294E054A00093F0A /* Preview Content */,
			);
			path = SocialNetworkBlogService;
			sourceTree = "<group>";
		};
		E073A22B294E054A00093F0A /* Preview Content */ = {
			isa = PBXGroup;
			children = (
				E073A22C294E054A00093F0A /* Preview Assets.xcassets */,
			);
			path = "Preview Content";
			sourceTree = "<group>";
		};
		E073A233294E059100093F0A /* Core */ = {
			isa = PBXGroup;
			children = (
				E073A239294E05CC00093F0A /* ReusableComponents */,
				E073A268294E5A0800093F0A /* UploadTweet */,
				E073A25B294E465E00093F0A /* SideMenu */,
				E073A248294E370C00093F0A /* Profile */,
				E073A247294E36EF00093F0A /* Explore */,
				E073A246294E36ED00093F0A /* Notifications */,
				E073A245294E36E900093F0A /* Messages */,
				E073A240294E35E000093F0A /* MainTab */,
				E073A23A294E05EC00093F0A /* Feed */,
			);
			path = Core;
			sourceTree = "<group>";
		};
		E073A234294E059500093F0A /* Service */ = {
			isa = PBXGroup;
			children = (
			);
			path = Service;
			sourceTree = "<group>";
		};
		E073A235294E059900093F0A /* Models */ = {
			isa = PBXGroup;
			children = (
			);
			path = Models;
			sourceTree = "<group>";
		};
		E073A236294E05A000093F0A /* Extentions */ = {
			isa = PBXGroup;
			children = (
			);
			path = Extentions;
			sourceTree = "<group>";
		};
		E073A237294E05B300093F0A /* ViewModel */ = {
			isa = PBXGroup;
			children = (
			);
			path = ViewModel;
			sourceTree = "<group>";
		};
		E073A238294E05BB00093F0A /* View */ = {
			isa = PBXGroup;
			children = (
				E073A23B294E064800093F0A /* FeedView.swift */,
			);
			path = View;
			sourceTree = "<group>";
		};
		E073A239294E05CC00093F0A /* ReusableComponents */ = {
			isa = PBXGroup;
			children = (
				E073A257294E43E200093F0A /* Users */,
				E073A23D294E078600093F0A /* Tweets */,
				E073A26D294E5B4800093F0A /* TextArea.swift */,
			);
			path = ReusableComponents;
			sourceTree = "<group>";
		};
		E073A23A294E05EC00093F0A /* Feed */ = {
			isa = PBXGroup;
			children = (
				E073A237294E05B300093F0A /* ViewModel */,
				E073A238294E05BB00093F0A /* View */,
			);
			path = Feed;
			sourceTree = "<group>";
		};
		E073A23D294E078600093F0A /* Tweets */ = {
			isa = PBXGroup;
			children = (
				E073A23E294E07B500093F0A /* TweetRowView.swift */,
			);
			path = Tweets;
			sourceTree = "<group>";
		};
		E073A240294E35E000093F0A /* MainTab */ = {
			isa = PBXGroup;
			children = (
				E073A242294E360600093F0A /* View */,
				E073A241294E35FF00093F0A /* ViewModel */,
			);
			path = MainTab;
			sourceTree = "<group>";
		};
		E073A241294E35FF00093F0A /* ViewModel */ = {
			isa = PBXGroup;
			children = (
			);
			path = ViewModel;
			sourceTree = "<group>";
		};
		E073A242294E360600093F0A /* View */ = {
			isa = PBXGroup;
			children = (
				E073A243294E361600093F0A /* MainTabView.swift */,
			);
			path = View;
			sourceTree = "<group>";
		};
		E073A245294E36E900093F0A /* Messages */ = {
			isa = PBXGroup;
			children = (
				E073A24D294E378D00093F0A /* MessagesView.swift */,
			);
			path = Messages;
			sourceTree = "<group>";
		};
		E073A246294E36ED00093F0A /* Notifications */ = {
			isa = PBXGroup;
			children = (
				E073A24B294E377000093F0A /* NotificationsView.swift */,
			);
			path = Notifications;
			sourceTree = "<group>";
		};
		E073A247294E36EF00093F0A /* Explore */ = {
			isa = PBXGroup;
			children = (
				E073A256294E43B200093F0A /* View */,
				E073A255294E43AE00093F0A /* ViewModel */,
			);
			path = Explore;
			sourceTree = "<group>";
		};
		E073A248294E370C00093F0A /* Profile */ = {
			isa = PBXGroup;
			children = (
				E073A250294E389C00093F0A /* Views */,
				E073A24F294E389600093F0A /* ViewModel */,
			);
			path = Profile;
			sourceTree = "<group>";
		};
		E073A24F294E389600093F0A /* ViewModel */ = {
			isa = PBXGroup;
			children = (
				E073A253294E3E9800093F0A /* TweetFilterVM.swift */,
			);
			path = ViewModel;
			sourceTree = "<group>";
		};
		E073A250294E389C00093F0A /* Views */ = {
			isa = PBXGroup;
			children = (
				E073A251294E38A800093F0A /* ProfileView.swift */,
			);
			path = Views;
			sourceTree = "<group>";
		};
		E073A255294E43AE00093F0A /* ViewModel */ = {
			isa = PBXGroup;
			children = (
			);
			path = ViewModel;
			sourceTree = "<group>";
		};
		E073A256294E43B200093F0A /* View */ = {
			isa = PBXGroup;
			children = (
				E073A249294E375800093F0A /* ExploreView.swift */,
			);
			path = View;
			sourceTree = "<group>";
		};
		E073A257294E43E200093F0A /* Users */ = {
			isa = PBXGroup;
			children = (
				E073A259294E440100093F0A /* UserRowView.swift */,
				E073A264294E48A300093F0A /* UserStateView.swift */,
			);
			path = Users;
			sourceTree = "<group>";
		};
		E073A25B294E465E00093F0A /* SideMenu */ = {
			isa = PBXGroup;
			children = (
				E073A25D294E467000093F0A /* Views */,
				E073A25C294E466B00093F0A /* ViewModel */,
			);
			path = SideMenu;
			sourceTree = "<group>";
		};
		E073A25C294E466B00093F0A /* ViewModel */ = {
			isa = PBXGroup;
			children = (
				E073A262294E46B900093F0A /* SideMenuVM.swift */,
			);
			path = ViewModel;
			sourceTree = "<group>";
		};
		E073A25D294E467000093F0A /* Views */ = {
			isa = PBXGroup;
			children = (
				E073A25E294E468500093F0A /* SideMenuView.swift */,
				E073A266294E54A600093F0A /* SideMenuItemRowView.swift */,
			);
			path = Views;
			sourceTree = "<group>";
		};
		E073A268294E5A0800093F0A /* UploadTweet */ = {
			isa = PBXGroup;
			children = (
				E073A26A294E5A1500093F0A /* Views */,
				E073A269294E5A1200093F0A /* ViewModel */,
			);
			path = UploadTweet;
			sourceTree = "<group>";
		};
		E073A269294E5A1200093F0A /* ViewModel */ = {
			isa = PBXGroup;
			children = (
			);
			path = ViewModel;
			sourceTree = "<group>";
		};
		E073A26A294E5A1500093F0A /* Views */ = {
			isa = PBXGroup;
			children = (
				E073A26B294E5A3000093F0A /* NewTweetView.swift */,
			);
			path = Views;
			sourceTree = "<group>";
		};
/* End PBXGroup section */

/* Begin PBXNativeTarget section */
		E073A221294E054900093F0A /* SocialNetworkBlogService */ = {
			isa = PBXNativeTarget;
			buildConfigurationList = E073A230294E054A00093F0A /* Build configuration list for PBXNativeTarget "SocialNetworkBlogService" */;
			buildPhases = (
				E073A21E294E054900093F0A /* Sources */,
				E073A21F294E054900093F0A /* Frameworks */,
				E073A220294E054900093F0A /* Resources */,
			);
			buildRules = (
			);
			dependencies = (
			);
			name = SocialNetworkBlogService;
			productName = SocialNetworkBlogService;
			productReference = E073A222294E054900093F0A /* SocialNetworkBlogService.app */;
			productType = "com.apple.product-type.application";
		};
/* End PBXNativeTarget section */

/* Begin PBXProject section */
		E073A21A294E054900093F0A /* Project object */ = {
			isa = PBXProject;
			attributes = {
				BuildIndependentTargetsInParallel = 1;
				LastSwiftUpdateCheck = 1400;
				LastUpgradeCheck = 1400;
				TargetAttributes = {
					E073A221294E054900093F0A = {
						CreatedOnToolsVersion = 14.0;
					};
				};
			};
			buildConfigurationList = E073A21D294E054900093F0A /* Build configuration list for PBXProject "SocialNetworkBlogService" */;
			compatibilityVersion = "Xcode 14.0";
			developmentRegion = en;
			hasScannedForEncodings = 0;
			knownRegions = (
				en,
				Base,
			);
			mainGroup = E073A219294E054900093F0A;
			productRefGroup = E073A223294E054900093F0A /* Products */;
			projectDirPath = "";
			projectRoot = "";
			targets = (
				E073A221294E054900093F0A /* SocialNetworkBlogService */,
			);
		};
/* End PBXProject section */

/* Begin PBXResourcesBuildPhase section */
		E073A220294E054900093F0A /* Resources */ = {
			isa = PBXResourcesBuildPhase;
			buildActionMask = 2147483647;
			files = (
				E073A22D294E054A00093F0A /* Preview Assets.xcassets in Resources */,
				E073A22A294E054A00093F0A /* Assets.xcassets in Resources */,
			);
			runOnlyForDeploymentPostprocessing = 0;
		};
/* End PBXResourcesBuildPhase section */

/* Begin PBXSourcesBuildPhase section */
		E073A21E294E054900093F0A /* Sources */ = {
			isa = PBXSourcesBuildPhase;
			buildActionMask = 2147483647;
			files = (
				E073A267294E54A600093F0A /* SideMenuItemRowView.swift in Sources */,
				E073A24E294E378D00093F0A /* MessagesView.swift in Sources */,
				E073A252294E38A800093F0A /* ProfileView.swift in Sources */,
				E073A228294E054900093F0A /* ContentView.swift in Sources */,
				E073A23F294E07B500093F0A /* TweetRowView.swift in Sources */,
				E073A23C294E064800093F0A /* FeedView.swift in Sources */,
				E073A226294E054900093F0A /* SocialNetworkBlogServiceApp.swift in Sources */,
				E073A25F294E468500093F0A /* SideMenuView.swift in Sources */,
				E073A24A294E375800093F0A /* ExploreView.swift in Sources */,
				E073A263294E46B900093F0A /* SideMenuVM.swift in Sources */,
				E073A26E294E5B4800093F0A /* TextArea.swift in Sources */,
				E073A244294E361600093F0A /* MainTabView.swift in Sources */,
				E073A26C294E5A3000093F0A /* NewTweetView.swift in Sources */,
				E073A25A294E440100093F0A /* UserRowView.swift in Sources */,
				E073A265294E48A300093F0A /* UserStateView.swift in Sources */,
				E073A254294E3E9800093F0A /* TweetFilterVM.swift in Sources */,
				E073A24C294E377000093F0A /* NotificationsView.swift in Sources */,
			);
			runOnlyForDeploymentPostprocessing = 0;
		};
/* End PBXSourcesBuildPhase section */

/* Begin XCBuildConfiguration section */
		E073A22E294E054A00093F0A /* Debug */ = {
			isa = XCBuildConfiguration;
			buildSettings = {
				ALWAYS_SEARCH_USER_PATHS = NO;
				CLANG_ANALYZER_NONNULL = YES;
				CLANG_ANALYZER_NUMBER_OBJECT_CONVERSION = YES_AGGRESSIVE;
				CLANG_CXX_LANGUAGE_STANDARD = "gnu++20";
				CLANG_ENABLE_MODULES = YES;
				CLANG_ENABLE_OBJC_ARC = YES;
				CLANG_ENABLE_OBJC_WEAK = YES;
				CLANG_WARN_BLOCK_CAPTURE_AUTORELEASING = YES;
				CLANG_WARN_BOOL_CONVERSION = YES;
				CLANG_WARN_COMMA = YES;
				CLANG_WARN_CONSTANT_CONVERSION = YES;
				CLANG_WARN_DEPRECATED_OBJC_IMPLEMENTATIONS = YES;
				CLANG_WARN_DIRECT_OBJC_ISA_USAGE = YES_ERROR;
				CLANG_WARN_DOCUMENTATION_COMMENTS = YES;
				CLANG_WARN_EMPTY_BODY = YES;
				CLANG_WARN_ENUM_CONVERSION = YES;
				CLANG_WARN_INFINITE_RECURSION = YES;
				CLANG_WARN_INT_CONVERSION = YES;
				CLANG_WARN_NON_LITERAL_NULL_CONVERSION = YES;
				CLANG_WARN_OBJC_IMPLICIT_RETAIN_SELF = YES;
				CLANG_WARN_OBJC_LITERAL_CONVERSION = YES;
				CLANG_WARN_OBJC_ROOT_CLASS = YES_ERROR;
				CLANG_WARN_QUOTED_INCLUDE_IN_FRAMEWORK_HEADER = YES;
				CLANG_WARN_RANGE_LOOP_ANALYSIS = YES;
				CLANG_WARN_STRICT_PROTOTYPES = YES;
				CLANG_WARN_SUSPICIOUS_MOVE = YES;
				CLANG_WARN_UNGUARDED_AVAILABILITY = YES_AGGRESSIVE;
				CLANG_WARN_UNREACHABLE_CODE = YES;
				CLANG_WARN__DUPLICATE_METHOD_MATCH = YES;
				COPY_PHASE_STRIP = NO;
				DEBUG_INFORMATION_FORMAT = dwarf;
				ENABLE_STRICT_OBJC_MSGSEND = YES;
				ENABLE_TESTABILITY = YES;
				GCC_C_LANGUAGE_STANDARD = gnu11;
				GCC_DYNAMIC_NO_PIC = NO;
				GCC_NO_COMMON_BLOCKS = YES;
				GCC_OPTIMIZATION_LEVEL = 0;
				GCC_PREPROCESSOR_DEFINITIONS = (
					"DEBUG=1",
					"$(inherited)",
				);
				GCC_WARN_64_TO_32_BIT_CONVERSION = YES;
				GCC_WARN_ABOUT_RETURN_TYPE = YES_ERROR;
				GCC_WARN_UNDECLARED_SELECTOR = YES;
				GCC_WARN_UNINITIALIZED_AUTOS = YES_AGGRESSIVE;
				GCC_WARN_UNUSED_FUNCTION = YES;
				GCC_WARN_UNUSED_VARIABLE = YES;
				IPHONEOS_DEPLOYMENT_TARGET = 16.0;
				MTL_ENABLE_DEBUG_INFO = INCLUDE_SOURCE;
				MTL_FAST_MATH = YES;
				ONLY_ACTIVE_ARCH = YES;
				SDKROOT = iphoneos;
				SWIFT_ACTIVE_COMPILATION_CONDITIONS = DEBUG;
				SWIFT_OPTIMIZATION_LEVEL = "-Onone";
			};
			name = Debug;
		};
		E073A22F294E054A00093F0A /* Release */ = {
			isa = XCBuildConfiguration;
			buildSettings = {
				ALWAYS_SEARCH_USER_PATHS = NO;
				CLANG_ANALYZER_NONNULL = YES;
				CLANG_ANALYZER_NUMBER_OBJECT_CONVERSION = YES_AGGRESSIVE;
				CLANG_CXX_LANGUAGE_STANDARD = "gnu++20";
				CLANG_ENABLE_MODULES = YES;
				CLANG_ENABLE_OBJC_ARC = YES;
				CLANG_ENABLE_OBJC_WEAK = YES;
				CLANG_WARN_BLOCK_CAPTURE_AUTORELEASING = YES;
				CLANG_WARN_BOOL_CONVERSION = YES;
				CLANG_WARN_COMMA = YES;
				CLANG_WARN_CONSTANT_CONVERSION = YES;
				CLANG_WARN_DEPRECATED_OBJC_IMPLEMENTATIONS = YES;
				CLANG_WARN_DIRECT_OBJC_ISA_USAGE = YES_ERROR;
				CLANG_WARN_DOCUMENTATION_COMMENTS = YES;
				CLANG_WARN_EMPTY_BODY = YES;
				CLANG_WARN_ENUM_CONVERSION = YES;
				CLANG_WARN_INFINITE_RECURSION = YES;
				CLANG_WARN_INT_CONVERSION = YES;
				CLANG_WARN_NON_LITERAL_NULL_CONVERSION = YES;
				CLANG_WARN_OBJC_IMPLICIT_RETAIN_SELF = YES;
				CLANG_WARN_OBJC_LITERAL_CONVERSION = YES;
				CLANG_WARN_OBJC_ROOT_CLASS = YES_ERROR;
				CLANG_WARN_QUOTED_INCLUDE_IN_FRAMEWORK_HEADER = YES;
				CLANG_WARN_RANGE_LOOP_ANALYSIS = YES;
				CLANG_WARN_STRICT_PROTOTYPES = YES;
				CLANG_WARN_SUSPICIOUS_MOVE = YES;
				CLANG_WARN_UNGUARDED_AVAILABILITY = YES_AGGRESSIVE;
				CLANG_WARN_UNREACHABLE_CODE = YES;
				CLANG_WARN__DUPLICATE_METHOD_MATCH = YES;
				COPY_PHASE_STRIP = NO;
				DEBUG_INFORMATION_FORMAT = "dwarf-with-dsym";
				ENABLE_NS_ASSERTIONS = NO;
				ENABLE_STRICT_OBJC_MSGSEND = YES;
				GCC_C_LANGUAGE_STANDARD = gnu11;
				GCC_NO_COMMON_BLOCKS = YES;
				GCC_WARN_64_TO_32_BIT_CONVERSION = YES;
				GCC_WARN_ABOUT_RETURN_TYPE = YES_ERROR;
				GCC_WARN_UNDECLARED_SELECTOR = YES;
				GCC_WARN_UNINITIALIZED_AUTOS = YES_AGGRESSIVE;
				GCC_WARN_UNUSED_FUNCTION = YES;
				GCC_WARN_UNUSED_VARIABLE = YES;
				IPHONEOS_DEPLOYMENT_TARGET = 16.0;
				MTL_ENABLE_DEBUG_INFO = NO;
				MTL_FAST_MATH = YES;
				SDKROOT = iphoneos;
				SWIFT_COMPILATION_MODE = wholemodule;
				SWIFT_OPTIMIZATION_LEVEL = "-O";
				VALIDATE_PRODUCT = YES;
			};
			name = Release;
		};
		E073A231294E054A00093F0A /* Debug */ = {
			isa = XCBuildConfiguration;
			buildSettings = {
				ASSETCATALOG_COMPILER_APPICON_NAME = AppIcon;
				ASSETCATALOG_COMPILER_GLOBAL_ACCENT_COLOR_NAME = AccentColor;
				CODE_SIGN_STYLE = Automatic;
				CURRENT_PROJECT_VERSION = 1;
				DEVELOPMENT_ASSET_PATHS = "\"SocialNetworkBlogService/Preview Content\"";
				DEVELOPMENT_TEAM = 7A8HJKU9L3;
				ENABLE_PREVIEWS = YES;
				GENERATE_INFOPLIST_FILE = YES;
				INFOPLIST_KEY_UIApplicationSceneManifest_Generation = YES;
				INFOPLIST_KEY_UIApplicationSupportsIndirectInputEvents = YES;
				INFOPLIST_KEY_UILaunchScreen_Generation = YES;
				INFOPLIST_KEY_UISupportedInterfaceOrientations_iPad = "UIInterfaceOrientationPortrait UIInterfaceOrientationPortraitUpsideDown UIInterfaceOrientationLandscapeLeft UIInterfaceOrientationLandscapeRight";
				INFOPLIST_KEY_UISupportedInterfaceOrientations_iPhone = "UIInterfaceOrientationPortrait UIInterfaceOrientationLandscapeLeft UIInterfaceOrientationLandscapeRight";
				LD_RUNPATH_SEARCH_PATHS = (
					"$(inherited)",
					"@executable_path/Frameworks",
				);
				MARKETING_VERSION = 1.0;
				PRODUCT_BUNDLE_IDENTIFIER = com.hertz.SocialNetworkBlogService;
				PRODUCT_NAME = "$(TARGET_NAME)";
				SWIFT_EMIT_LOC_STRINGS = YES;
				SWIFT_VERSION = 5.0;
				TARGETED_DEVICE_FAMILY = "1,2";
			};
			name = Debug;
		};
		E073A232294E054A00093F0A /* Release */ = {
			isa = XCBuildConfiguration;
			buildSettings = {
				ASSETCATALOG_COMPILER_APPICON_NAME = AppIcon;
				ASSETCATALOG_COMPILER_GLOBAL_ACCENT_COLOR_NAME = AccentColor;
				CODE_SIGN_STYLE = Automatic;
				CURRENT_PROJECT_VERSION = 1;
				DEVELOPMENT_ASSET_PATHS = "\"SocialNetworkBlogService/Preview Content\"";
				DEVELOPMENT_TEAM = 7A8HJKU9L3;
				ENABLE_PREVIEWS = YES;
				GENERATE_INFOPLIST_FILE = YES;
				INFOPLIST_KEY_UIApplicationSceneManifest_Generation = YES;
				INFOPLIST_KEY_UIApplicationSupportsIndirectInputEvents = YES;
				INFOPLIST_KEY_UILaunchScreen_Generation = YES;
				INFOPLIST_KEY_UISupportedInterfaceOrientations_iPad = "UIInterfaceOrientationPortrait UIInterfaceOrientationPortraitUpsideDown UIInterfaceOrientationLandscapeLeft UIInterfaceOrientationLandscapeRight";
				INFOPLIST_KEY_UISupportedInterfaceOrientations_iPhone = "UIInterfaceOrientationPortrait UIInterfaceOrientationLandscapeLeft UIInterfaceOrientationLandscapeRight";
				LD_RUNPATH_SEARCH_PATHS = (
					"$(inherited)",
					"@executable_path/Frameworks",
				);
				MARKETING_VERSION = 1.0;
				PRODUCT_BUNDLE_IDENTIFIER = com.hertz.SocialNetworkBlogService;
				PRODUCT_NAME = "$(TARGET_NAME)";
				SWIFT_EMIT_LOC_STRINGS = YES;
				SWIFT_VERSION = 5.0;
				TARGETED_DEVICE_FAMILY = "1,2";
			};
			name = Release;
		};
/* End XCBuildConfiguration section */

/* Begin XCConfigurationList section */
		E073A21D294E054900093F0A /* Build configuration list for PBXProject "SocialNetworkBlogService" */ = {
			isa = XCConfigurationList;
			buildConfigurations = (
				E073A22E294E054A00093F0A /* Debug */,
				E073A22F294E054A00093F0A /* Release */,
			);
			defaultConfigurationIsVisible = 0;
			defaultConfigurationName = Release;
		};
		E073A230294E054A00093F0A /* Build configuration list for PBXNativeTarget "SocialNetworkBlogService" */ = {
			isa = XCConfigurationList;
			buildConfigurations = (
				E073A231294E054A00093F0A /* Debug */,
				E073A232294E054A00093F0A /* Release */,
			);
			defaultConfigurationIsVisible = 0;
			defaultConfigurationName = Release;
		};
/* End XCConfigurationList section */
	};
	rootObject = E073A21A294E054900093F0A /* Project object */;
}
